{
  "name": "miniprogram-bpm-mobile",
  "version": "1.0.0",
  "lockfileVersion": 2,
  "requires": true,
  "packages": {
    "": {
      "name": "miniprogram-bpm-mobile",
      "version": "1.0.0",
      "dependencies": {
        "@vant/weapp": "^1.6.8",
        "crypto-js": "^4.0.0"
      },
      "devDependencies": {
        "miniprogram-api-typings": "^3.3.2",
        "typescript": "^4.0.3"
      }
    },
    "node_modules/@vant/weapp": {
      "version": "1.6.8",
      "resolved": "https://registry.npmjs.org/@vant/weapp/-/weapp-1.6.8.tgz",
      "integrity": "sha512-CvRgAZdGUtJKEnd2wmjw3oaRYXBq/YqerFTmf19cTd3G9+vRR67nSXPMUNQEoPPSm7LZo6gF6Xk/5pYx4Q4C0Q=="
    },
    "node_modules/crypto-js": {
      "version": "4.0.0",
      "resolved": "https://registry.npmjs.org/crypto-js/-/crypto-js-4.0.0.tgz",
      "integrity": "sha512-bzHZN8Pn+gS7DQA6n+iUmBfl0hO5DJq++QP3U6uTucDtk/0iGpXd/Gg7CGR0p8tJhofJyaKoWBuJI4eAO00BBg=="
    },
    "node_modules/miniprogram-api-typings": {
      "version": "3.3.2",
      "resolved": "https://registry.npmjs.org/miniprogram-api-typings/-/miniprogram-api-typings-3.3.2.tgz",
      "integrity": "sha512-i8yxwPOGYZ33J/VoJR/mA0Ps2JKuUE6wsn8pdHqKpUrskZuxNsjVf8Z5TPLBisYis3drLdJQ5Gjon8WIwXswYg==",
      "dev": true
    },
    "node_modules/typescript": {
      "version": "4.0.3",
      "resolved": "https://registry.npmjs.org/typescript/-/typescript-4.0.3.tgz",
      "integrity": "sha512-tEu6DGxGgRJPb/mVPIZ48e69xCn2yRmCgYmDugAVwmJ6o+0u1RI18eO7E7WBTLYLaEVVOhwQmcdhQHweux/WPg==",
      "dev": true,
      "bin": {
        "tsc": "bin/tsc",
        "tsserver": "bin/tsserver"
      },
      "engines": {
        "node": ">=4.2.0"
      }
    }
  },
  "dependencies": {
    "@vant/weapp": {
      "version": "1.6.8",
      "resolved": "https://registry.npmjs.org/@vant/weapp/-/weapp-1.6.8.tgz",
      "integrity": "sha512-CvRgAZdGUtJKEnd2wmjw3oaRYXBq/YqerFTmf19cTd3G9+vRR67nSXPMUNQEoPPSm7LZo6gF6Xk/5pYx4Q4C0Q=="
    },
    "crypto-js": {
      "version": "4.0.0",
      "resolved": "https://registry.npmjs.org/crypto-js/-/crypto-js-4.0.0.tgz",
      "integrity": "sha512-bzHZN8Pn+gS7DQA6n+iUmBfl0hO5DJq++QP3U6uTucDtk/0iGpXd/Gg7CGR0p8tJhofJyaKoWBuJI4eAO00BBg=="
    },
    "miniprogram-api-typings": {
      "version": "3.3.2",
      "resolved": "https://registry.npmjs.org/miniprogram-api-typings/-/miniprogram-api-typings-3.3.2.tgz",
      "integrity": "sha512-i8yxwPOGYZ33J/VoJR/mA0Ps2JKuUE6wsn8pdHqKpUrskZuxNsjVf8Z5TPLBisYis3drLdJQ5Gjon8WIwXswYg==",
      "dev": true
    },
    "typescript": {
      "version": "4.0.3",
      "resolved": "https://registry.npmjs.org/typescript/-/typescript-4.0.3.tgz",
      "integrity": "sha512-tEu6DGxGgRJPb/mVPIZ48e69xCn2yRmCgYmDugAVwmJ6o+0u1RI18eO7E7WBTLYLaEVVOhwQmcdhQHweux/WPg==",
      "dev": true
    }
  }
}
